// !$*UTF8*$!
{
	archiveVersion = 1;
	classes = {
	};
	objectVersion = 46;
	objects = {

/* Begin PBXBuildFile section */
		F359F88B18E2B144003C9DF8 /* MobileSDK.framework in Frameworks */ = {isa = PBXBuildFile; fileRef = F359F88A18E2B144003C9DF8 /* MobileSDK.framework */; };
		F390447918E168A600DABE3A /* close_button.png in Resources */ = {isa = PBXBuildFile; fileRef = F390447718E168A600DABE3A /* close_button.png */; };
		F390447A18E168A600DABE3A /* close_button@2x.png in Resources */ = {isa = PBXBuildFile; fileRef = F390447818E168A600DABE3A /* close_button@2x.png */; };
		F3D4D74618D2E80000726E0B /* Foundation.framework in Frameworks */ = {isa = PBXBuildFile; fileRef = F3D4D74518D2E80000726E0B /* Foundation.framework */; };
		F3D4D74818D2E80000726E0B /* CoreGraphics.framework in Frameworks */ = {isa = PBXBuildFile; fileRef = F3D4D74718D2E80000726E0B /* CoreGraphics.framework */; };
		F3D4D74A18D2E80000726E0B /* UIKit.framework in Frameworks */ = {isa = PBXBuildFile; fileRef = F3D4D74918D2E80000726E0B /* UIKit.framework */; };
		F3D4D75018D2E80000726E0B /* InfoPlist.strings in Resources */ = {isa = PBXBuildFile; fileRef = F3D4D74E18D2E80000726E0B /* InfoPlist.strings */; };
		F3D4D75218D2E80000726E0B /* main.m in Sources */ = {isa = PBXBuildFile; fileRef = F3D4D75118D2E80000726E0B /* main.m */; };
		F3D4D75618D2E80000726E0B /* AppDelegate.m in Sources */ = {isa = PBXBuildFile; fileRef = F3D4D75518D2E80000726E0B /* AppDelegate.m */; };
		F3D4D75818D2E80000726E0B /* Images.xcassets in Resources */ = {isa = PBXBuildFile; fileRef = F3D4D75718D2E80000726E0B /* Images.xcassets */; };
		F3D4D75F18D2E80100726E0B /* XCTest.framework in Frameworks */ = {isa = PBXBuildFile; fileRef = F3D4D75E18D2E80100726E0B /* XCTest.framework */; };
		F3D4D76018D2E80100726E0B /* Foundation.framework in Frameworks */ = {isa = PBXBuildFile; fileRef = F3D4D74518D2E80000726E0B /* Foundation.framework */; };
		F3D4D76118D2E80100726E0B /* UIKit.framework in Frameworks */ = {isa = PBXBuildFile; fileRef = F3D4D74918D2E80000726E0B /* UIKit.framework */; };
		F3D4D76918D2E80100726E0B /* InfoPlist.strings in Resources */ = {isa = PBXBuildFile; fileRef = F3D4D76718D2E80100726E0B /* InfoPlist.strings */; };
		F3D4D76B18D2E80100726E0B /* ExampleTests.m in Sources */ = {isa = PBXBuildFile; fileRef = F3D4D76A18D2E80100726E0B /* ExampleTests.m */; };
		F3D4D77718D2E81F00726E0B /* CoreLocation.framework in Frameworks */ = {isa = PBXBuildFile; fileRef = F3D4D77618D2E81F00726E0B /* CoreLocation.framework */; };
		F3D4D77918D2E82300726E0B /* CoreTelephony.framework in Frameworks */ = {isa = PBXBuildFile; fileRef = F3D4D77818D2E82300726E0B /* CoreTelephony.framework */; };
/* End PBXBuildFile section */

/* Begin PBXContainerItemProxy section */
		F3D4D76218D2E80100726E0B /* PBXContainerItemProxy */ = {
			isa = PBXContainerItemProxy;
			containerPortal = F3D4D73A18D2E80000726E0B /* Project object */;
			proxyType = 1;
			remoteGlobalIDString = F3D4D74118D2E80000726E0B;
			remoteInfo = Example;
		};
/* End PBXContainerItemProxy section */

/* Begin PBXFileReference section */
		F359F88A18E2B144003C9DF8 /* MobileSDK.framework */ = {isa = PBXFileReference; lastKnownFileType = wrapper.framework; path = MobileSDK.framework; sourceTree = "<group>"; };
		F390447718E168A600DABE3A /* close_button.png */ = {isa = PBXFileReference; lastKnownFileType = image.png; path = close_button.png; sourceTree = "<group>"; };
		F390447818E168A600DABE3A /* close_button@2x.png */ = {isa = PBXFileReference; lastKnownFileType = image.png; path = "close_button@2x.png"; sourceTree = "<group>"; };
		F3D4D74218D2E80000726E0B /* Example.app */ = {isa = PBXFileReference; explicitFileType = wrapper.application; includeInIndex = 0; path = Example.app; sourceTree = BUILT_PRODUCTS_DIR; };
		F3D4D74518D2E80000726E0B /* Foundation.framework */ = {isa = PBXFileReference; lastKnownFileType = wrapper.framework; name = Foundation.framework; path = System/Library/Frameworks/Foundation.framework; sourceTree = SDKROOT; };
		F3D4D74718D2E80000726E0B /* CoreGraphics.framework */ = {isa = PBXFileReference; lastKnownFileType = wrapper.framework; name = CoreGraphics.framework; path = System/Library/Frameworks/CoreGraphics.framework; sourceTree = SDKROOT; };
		F3D4D74918D2E80000726E0B /* UIKit.framework */ = {isa = PBXFileReference; lastKnownFileType = wrapper.framework; name = UIKit.framework; path = System/Library/Frameworks/UIKit.framework; sourceTree = SDKROOT; };
		F3D4D74D18D2E80000726E0B /* Example-Info.plist */ = {isa = PBXFileReference; lastKnownFileType = text.plist.xml; path = "Example-Info.plist"; sourceTree = "<group>"; };
		F3D4D74F18D2E80000726E0B /* en */ = {isa = PBXFileReference; lastKnownFileType = text.plist.strings; name = en; path = en.lproj/InfoPlist.strings; sourceTree = "<group>"; };
		F3D4D75118D2E80000726E0B /* main.m */ = {isa = PBXFileReference; lastKnownFileType = sourcecode.c.objc; path = main.m; sourceTree = "<group>"; };
		F3D4D75318D2E80000726E0B /* Example-Prefix.pch */ = {isa = PBXFileReference; lastKnownFileType = sourcecode.c.h; path = "Example-Prefix.pch"; sourceTree = "<group>"; };
		F3D4D75418D2E80000726E0B /* AppDelegate.h */ = {isa = PBXFileReference; lastKnownFileType = sourcecode.c.h; path = AppDelegate.h; sourceTree = "<group>"; };
		F3D4D75518D2E80000726E0B /* AppDelegate.m */ = {isa = PBXFileReference; lastKnownFileType = sourcecode.c.objc; path = AppDelegate.m; sourceTree = "<group>"; };
		F3D4D75718D2E80000726E0B /* Images.xcassets */ = {isa = PBXFileReference; lastKnownFileType = folder.assetcatalog; path = Images.xcassets; sourceTree = "<group>"; };
		F3D4D75D18D2E80100726E0B /* ExampleTests.xctest */ = {isa = PBXFileReference; explicitFileType = wrapper.cfbundle; includeInIndex = 0; path = ExampleTests.xctest; sourceTree = BUILT_PRODUCTS_DIR; };
		F3D4D75E18D2E80100726E0B /* XCTest.framework */ = {isa = PBXFileReference; lastKnownFileType = wrapper.framework; name = XCTest.framework; path = Library/Frameworks/XCTest.framework; sourceTree = DEVELOPER_DIR; };
		F3D4D76618D2E80100726E0B /* ExampleTests-Info.plist */ = {isa = PBXFileReference; lastKnownFileType = text.plist.xml; path = "ExampleTests-Info.plist"; sourceTree = "<group>"; };
		F3D4D76818D2E80100726E0B /* en */ = {isa = PBXFileReference; lastKnownFileType = text.plist.strings; name = en; path = en.lproj/InfoPlist.strings; sourceTree = "<group>"; };
		F3D4D76A18D2E80100726E0B /* ExampleTests.m */ = {isa = PBXFileReference; lastKnownFileType = sourcecode.c.objc; path = ExampleTests.m; sourceTree = "<group>"; };
		F3D4D77618D2E81F00726E0B /* CoreLocation.framework */ = {isa = PBXFileReference; lastKnownFileType = wrapper.framework; name = CoreLocation.framework; path = System/Library/Frameworks/CoreLocation.framework; sourceTree = SDKROOT; };
		F3D4D77818D2E82300726E0B /* CoreTelephony.framework */ = {isa = PBXFileReference; lastKnownFileType = wrapper.framework; name = CoreTelephony.framework; path = System/Library/Frameworks/CoreTelephony.framework; sourceTree = SDKROOT; };
/* End PBXFileReference section */

/* Begin PBXFrameworksBuildPhase section */
		F3D4D73F18D2E80000726E0B /* Frameworks */ = {
			isa = PBXFrameworksBuildPhase;
			buildActionMask = 2147483647;
			files = (
				F3D4D77918D2E82300726E0B /* CoreTelephony.framework in Frameworks */,
				F359F88B18E2B144003C9DF8 /* MobileSDK.framework in Frameworks */,
				F3D4D77718D2E81F00726E0B /* CoreLocation.framework in Frameworks */,
				F3D4D74818D2E80000726E0B /* CoreGraphics.framework in Frameworks */,
				F3D4D74A18D2E80000726E0B /* UIKit.framework in Frameworks */,
				F3D4D74618D2E80000726E0B /* Foundation.framework in Frameworks */,
			);
			runOnlyForDeploymentPostprocessing = 0;
		};
		F3D4D75A18D2E80100726E0B /* Frameworks */ = {
			isa = PBXFrameworksBuildPhase;
			buildActionMask = 2147483647;
			files = (
				F3D4D75F18D2E80100726E0B /* XCTest.framework in Frameworks */,
				F3D4D76118D2E80100726E0B /* UIKit.framework in Frameworks */,
				F3D4D76018D2E80100726E0B /* Foundation.framework in Frameworks */,
			);
			runOnlyForDeploymentPostprocessing = 0;
		};
/* End PBXFrameworksBuildPhase section */

/* Begin PBXGroup section */
		F3D4D73918D2E80000726E0B = {
			isa = PBXGroup;
			children = (
				F359F88A18E2B144003C9DF8 /* MobileSDK.framework */,
				F3D4D74B18D2E80000726E0B /* Example */,
				F3D4D76418D2E80100726E0B /* ExampleTests */,
				F3D4D74418D2E80000726E0B /* Frameworks */,
				F3D4D74318D2E80000726E0B /* Products */,
			);
			sourceTree = "<group>";
		};
		F3D4D74318D2E80000726E0B /* Products */ = {
			isa = PBXGroup;
			children = (
				F3D4D74218D2E80000726E0B /* Example.app */,
				F3D4D75D18D2E80100726E0B /* ExampleTests.xctest */,
			);
			name = Products;
			sourceTree = "<group>";
		};
		F3D4D74418D2E80000726E0B /* Frameworks */ = {
			isa = PBXGroup;
			children = (
				F3D4D77818D2E82300726E0B /* CoreTelephony.framework */,
				F3D4D77618D2E81F00726E0B /* CoreLocation.framework */,
				F3D4D74518D2E80000726E0B /* Foundation.framework */,
				F3D4D74718D2E80000726E0B /* CoreGraphics.framework */,
				F3D4D74918D2E80000726E0B /* UIKit.framework */,
				F3D4D75E18D2E80100726E0B /* XCTest.framework */,
			);
			name = Frameworks;
			sourceTree = "<group>";
		};
		F3D4D74B18D2E80000726E0B /* Example */ = {
			isa = PBXGroup;
			children = (
				F390447718E168A600DABE3A /* close_button.png */,
				F390447818E168A600DABE3A /* close_button@2x.png */,
				F3D4D75418D2E80000726E0B /* AppDelegate.h */,
				F3D4D75518D2E80000726E0B /* AppDelegate.m */,
				F3D4D75718D2E80000726E0B /* Images.xcassets */,
				F3D4D74C18D2E80000726E0B /* Supporting Files */,
			);
			path = Example;
			sourceTree = "<group>";
		};
		F3D4D74C18D2E80000726E0B /* Supporting Files */ = {
			isa = PBXGroup;
			children = (
				F3D4D74D18D2E80000726E0B /* Example-Info.plist */,
				F3D4D74E18D2E80000726E0B /* InfoPlist.strings */,
				F3D4D75118D2E80000726E0B /* main.m */,
				F3D4D75318D2E80000726E0B /* Example-Prefix.pch */,
			);
			name = "Supporting Files";
			sourceTree = "<group>";
		};
		F3D4D76418D2E80100726E0B /* ExampleTests */ = {
			isa = PBXGroup;
			children = (
				F3D4D76A18D2E80100726E0B /* ExampleTests.m */,
				F3D4D76518D2E80100726E0B /* Supporting Files */,
			);
			path = ExampleTests;
			sourceTree = "<group>";
		};
		F3D4D76518D2E80100726E0B /* Supporting Files */ = {
			isa = PBXGroup;
			children = (
				F3D4D76618D2E80100726E0B /* ExampleTests-Info.plist */,
				F3D4D76718D2E80100726E0B /* InfoPlist.strings */,
			);
			name = "Supporting Files";
			sourceTree = "<group>";
		};
/* End PBXGroup section */

/* Begin PBXNativeTarget section */
		F3D4D74118D2E80000726E0B /* Example */ = {
			isa = PBXNativeTarget;
			buildConfigurationList = F3D4D76E18D2E80100726E0B /* Build configuration list for PBXNativeTarget "Example" */;
			buildPhases = (
				F3D4D73E18D2E80000726E0B /* Sources */,
				F3D4D73F18D2E80000726E0B /* Frameworks */,
				F3D4D74018D2E80000726E0B /* Resources */,
			);
			buildRules = (
			);
			dependencies = (
			);
			name = Example;
			productName = Example;
			productReference = F3D4D74218D2E80000726E0B /* Example.app */;
			productType = "com.apple.product-type.application";
		};
		F3D4D75C18D2E80100726E0B /* ExampleTests */ = {
			isa = PBXNativeTarget;
			buildConfigurationList = F3D4D77118D2E80100726E0B /* Build configuration list for PBXNativeTarget "ExampleTests" */;
			buildPhases = (
				F3D4D75918D2E80100726E0B /* Sources */,
				F3D4D75A18D2E80100726E0B /* Frameworks */,
				F3D4D75B18D2E80100726E0B /* Resources */,
			);
			buildRules = (
			);
			dependencies = (
				F3D4D76318D2E80100726E0B /* PBXTargetDependency */,
			);
			name = ExampleTests;
			productName = ExampleTests;
			productReference = F3D4D75D18D2E80100726E0B /* ExampleTests.xctest */;
			productType = "com.apple.product-type.bundle.unit-test";
		};
/* End PBXNativeTarget section */

/* Begin PBXProject section */
		F3D4D73A18D2E80000726E0B /* Project object */ = {
			isa = PBXProject;
			attributes = {
				LastUpgradeCheck = 0510;
				ORGANIZATIONNAME = example;
				TargetAttributes = {
					F3D4D75C18D2E80100726E0B = {
						TestTargetID = F3D4D74118D2E80000726E0B;
					};
				};
			};
			buildConfigurationList = F3D4D73D18D2E80000726E0B /* Build configuration list for PBXProject "Example" */;
			compatibilityVersion = "Xcode 3.2";
			developmentRegion = English;
			hasScannedForEncodings = 0;
			knownRegions = (
				en,
			);
			mainGroup = F3D4D73918D2E80000726E0B;
			productRefGroup = F3D4D74318D2E80000726E0B /* Products */;
			projectDirPath = "";
			projectRoot = "";
			targets = (
				F3D4D74118D2E80000726E0B /* Example */,
				F3D4D75C18D2E80100726E0B /* ExampleTests */,
			);
		};
/* End PBXProject section */

/* Begin PBXResourcesBuildPhase section */
		F3D4D74018D2E80000726E0B /* Resources */ = {
			isa = PBXResourcesBuildPhase;
			buildActionMask = 2147483647;
			files = (
				F390447918E168A600DABE3A /* close_button.png in Resources */,
				F390447A18E168A600DABE3A /* close_button@2x.png in Resources */,
				F3D4D75018D2E80000726E0B /* InfoPlist.strings in Resources */,
				F3D4D75818D2E80000726E0B /* Images.xcassets in Resources */,
			);
			runOnlyForDeploymentPostprocessing = 0;
		};
		F3D4D75B18D2E80100726E0B /* Resources */ = {
			isa = PBXResourcesBuildPhase;
			buildActionMask = 2147483647;
			files = (
				F3D4D76918D2E80100726E0B /* InfoPlist.strings in Resources */,
			);
			runOnlyForDeploymentPostprocessing = 0;
		};
/* End PBXResourcesBuildPhase section */

/* Begin PBXSourcesBuildPhase section */
		F3D4D73E18D2E80000726E0B /* Sources */ = {
			isa = PBXSourcesBuildPhase;
			buildActionMask = 2147483647;
			files = (
				F3D4D75618D2E80000726E0B /* AppDelegate.m in Sources */,
				F3D4D75218D2E80000726E0B /* main.m in Sources */,
			);
			runOnlyForDeploymentPostprocessing = 0;
		};
		F3D4D75918D2E80100726E0B /* Sources */ = {
			isa = PBXSourcesBuildPhase;
			buildActionMask = 2147483647;
			files = (
				F3D4D76B18D2E80100726E0B /* ExampleTests.m in Sources */,
			);
			runOnlyForDeploymentPostprocessing = 0;
		};
/* End PBXSourcesBuildPhase section */

/* Begin PBXTargetDependency section */
		F3D4D76318D2E80100726E0B /* PBXTargetDependency */ = {
			isa = PBXTargetDependency;
			target = F3D4D74118D2E80000726E0B /* Example */;
			targetProxy = F3D4D76218D2E80100726E0B /* PBXContainerItemProxy */;
		};
/* End PBXTargetDependency section */

/* Begin PBXVariantGroup section */
		F3D4D74E18D2E80000726E0B /* InfoPlist.strings */ = {
			isa = PBXVariantGroup;
			children = (
				F3D4D74F18D2E80000726E0B /* en */,
			);
			name = InfoPlist.strings;
			sourceTree = "<group>";
		};
		F3D4D76718D2E80100726E0B /* InfoPlist.strings */ = {
			isa = PBXVariantGroup;
			children = (
				F3D4D76818D2E80100726E0B /* en */,
			);
			name = InfoPlist.strings;
			sourceTree = "<group>";
		};
/* End PBXVariantGroup section */

/* Begin XCBuildConfiguration section */
		F3D4D76C18D2E80100726E0B /* Debug */ = {
			isa = XCBuildConfiguration;
			buildSettings = {
				ALWAYS_SEARCH_USER_PATHS = NO;
				CLANG_CXX_LANGUAGE_STANDARD = "gnu++0x";
				CLANG_CXX_LIBRARY = "libc++";
				CLANG_ENABLE_MODULES = YES;
				CLANG_ENABLE_OBJC_ARC = YES;
				CLANG_WARN_BOOL_CONVERSION = YES;
				CLANG_WARN_CONSTANT_CONVERSION = YES;
				CLANG_WARN_DIRECT_OBJC_ISA_USAGE = YES_ERROR;
				CLANG_WARN_EMPTY_BODY = YES;
				CLANG_WARN_ENUM_CONVERSION = YES;
				CLANG_WARN_INT_CONVERSION = YES;
				CLANG_WARN_OBJC_ROOT_CLASS = YES_ERROR;
				CLANG_WARN__DUPLICATE_METHOD_MATCH = YES;
				"CODE_SIGN_IDENTITY[sdk=iphoneos*]" = "iPhone Developer";
				COPY_PHASE_STRIP = NO;
				GCC_C_LANGUAGE_STANDARD = gnu99;
				GCC_DYNAMIC_NO_PIC = NO;
				GCC_OPTIMIZATION_LEVEL = 0;
				GCC_PREPROCESSOR_DEFINITIONS = (
					"DEBUG=1",
					"$(inherited)",
				);
				GCC_SYMBOLS_PRIVATE_EXTERN = NO;
				GCC_WARN_64_TO_32_BIT_CONVERSION = YES;
				GCC_WARN_ABOUT_RETURN_TYPE = YES_ERROR;
				GCC_WARN_UNDECLARED_SELECTOR = YES;
				GCC_WARN_UNINITIALIZED_AUTOS = YES_AGGRESSIVE;
				GCC_WARN_UNUSED_FUNCTION = YES;
				GCC_WARN_UNUSED_VARIABLE = YES;
				IPHONEOS_DEPLOYMENT_TARGET = 7.1;
				ONLY_ACTIVE_ARCH = YES;
				SDKROOT = iphoneos;
			};
			name = Debug;
		};
		F3D4D76D18D2E80100726E0B /* Release */ = {
			isa = XCBuildConfiguration;
			buildSettings = {
				ALWAYS_SEARCH_USER_PATHS = NO;
				CLANG_CXX_LANGUAGE_STANDARD = "gnu++0x";
				CLANG_CXX_LIBRARY = "libc++";
				CLANG_ENABLE_MODULES = YES;
				CLANG_ENABLE_OBJC_ARC = YES;
				CLANG_WARN_BOOL_CONVERSION = YES;
				CLANG_WARN_CONSTANT_CONVERSION = YES;
				CLANG_WARN_DIRECT_OBJC_ISA_USAGE = YES_ERROR;
				CLANG_WARN_EMPTY_BODY = YES;
				CLANG_WARN_ENUM_CONVERSION = YES;
				CLANG_WARN_INT_CONVERSION = YES;
				CLANG_WARN_OBJC_ROOT_CLASS = YES_ERROR;
				CLANG_WARN__DUPLICATE_METHOD_MATCH = YES;
				"CODE_SIGN_IDENTITY[sdk=iphoneos*]" = "iPhone Developer";
				COPY_PHASE_STRIP = YES;
				ENABLE_NS_ASSERTIONS = NO;
				GCC_C_LANGUAGE_STANDARD = gnu99;
				GCC_WARN_64_TO_32_BIT_CONVERSION = YES;
				GCC_WARN_ABOUT_RETURN_TYPE = YES_ERROR;
				GCC_WARN_UNDECLARED_SELECTOR = YES;
				GCC_WARN_UNINITIALIZED_AUTOS = YES_AGGRESSIVE;
				GCC_WARN_UNUSED_FUNCTION = YES;
				GCC_WARN_UNUSED_VARIABLE = YES;
				IPHONEOS_DEPLOYMENT_TARGET = 7.1;
				SDKROOT = iphoneos;
				VALIDATE_PRODUCT = YES;
			};
			name = Release;
		};
		F3D4D76F18D2E80100726E0B /* Debug */ = {
			isa = XCBuildConfiguration;
			buildSettings = {
				ASSETCATALOG_COMPILER_APPICON_NAME = AppIcon;
				ASSETCATALOG_COMPILER_LAUNCHIMAGE_NAME = LaunchImage;
				FRAMEWORK_SEARCH_PATHS = (
					"$(inherited)",
					"$(PROJECT_DIR)",
				);
				GCC_PRECOMPILE_PREFIX_HEADER = YES;
				GCC_PREFIX_HEADER = "Example/Example-Prefix.pch";
				INFOPLIST_FILE = "Example/Example-Info.plist";
				PRODUCT_NAME = "$(TARGET_NAME)";
				WRAPPER_EXTENSION = app;
			};
			name = Debug;
		};
		F3D4D77018D2E80100726E0B /* Release */ = {
			isa = XCBuildConfiguration;
			buildSettings = {
				ASSETCATALOG_COMPILER_APPICON_NAME = AppIcon;
				ASSETCATALOG_COMPILER_LAUNCHIMAGE_NAME = LaunchImage;
				FRAMEWORK_SEARCH_PATHS = (
					"$(inherited)",
					"$(PROJECT_DIR)",
				);
				GCC_PRECOMPILE_PREFIX_HEADER = YES;
				GCC_PREFIX_HEADER = "Example/Example-Prefix.pch";
				INFOPLIST_FILE = "Example/Example-Info.plist";
				PRODUCT_NAME = "$(TARGET_NAME)";
				WRAPPER_EXTENSION = app;
			};
			name = Release;
		};
		F3D4D77218D2E80100726E0B /* Debug */ = {
			isa = XCBuildConfiguration;
			buildSettings = {
				BUNDLE_LOADER = "$(BUILT_PRODUCTS_DIR)/Example.app/Example";
				FRAMEWORK_SEARCH_PATHS = (
					"$(SDKROOT)/Developer/Library/Frameworks",
					"$(inherited)",
					"$(DEVELOPER_FRAMEWORKS_DIR)",
				);
				GCC_PRECOMPILE_PREFIX_HEADER = YES;
				GCC_PREFIX_HEADER = "Example/Example-Prefix.pch";
				GCC_PREPROCESSOR_DEFINITIONS = (
					"DEBUG=1",
					"$(inherited)",
				);
				INFOPLIST_FILE = "ExampleTests/ExampleTests-Info.plist";
				PRODUCT_NAME = "$(TARGET_NAME)";
				TEST_HOST = "$(BUNDLE_LOADER)";
				WRAPPER_EXTENSION = xctest;
			};
			name = Debug;
		};
		F3D4D77318D2E80100726E0B /* Release */ = {
			isa = XCBuildConfiguration;
			buildSettings = {
				BUNDLE_LOADER = "$(BUILT_PRODUCTS_DIR)/Example.app/Example";
				FRAMEWORK_SEARCH_PATHS = (
					"$(SDKROOT)/Developer/Library/Frameworks",
					"$(inherited)",
					"$(DEVELOPER_FRAMEWORKS_DIR)",
				);
				GCC_PRECOMPILE_PREFIX_HEADER = YES;
				GCC_PREFIX_HEADER = "Example/Example-Prefix.pch";
				INFOPLIST_FILE = "ExampleTests/ExampleTests-Info.plist";
				PRODUCT_NAME = "$(TARGET_NAME)";
				TEST_HOST = "$(BUNDLE_LOADER)";
				WRAPPER_EXTENSION = xctest;
			};
			name = Release;
		};
/* End XCBuildConfiguration section */

/* Begin XCConfigurationList section */
		F3D4D73D18D2E80000726E0B /* Build configuration list for PBXProject "Example" */ = {
			isa = XCConfigurationList;
			buildConfigurations = (
				F3D4D76C18D2E80100726E0B /* Debug */,
				F3D4D76D18D2E80100726E0B /* Release */,
			);
			defaultConfigurationIsVisible = 0;
			defaultConfigurationName = Release;
		};
		F3D4D76E18D2E80100726E0B /* Build configuration list for PBXNativeTarget "Example" */ = {
			isa = XCConfigurationList;
			buildConfigurations = (
				F3D4D76F18D2E80100726E0B /* Debug */,
				F3D4D77018D2E80100726E0B /* Release */,
			);
			defaultConfigurationIsVisible = 0;
			defaultConfigurationName = Release;
		};
		F3D4D77118D2E80100726E0B /* Build configuration list for PBXNativeTarget "ExampleTests" */ = {
			isa = XCConfigurationList;
			buildConfigurations = (
				F3D4D77218D2E80100726E0B /* Debug */,
				F3D4D77318D2E80100726E0B /* Release */,
			);
			defaultConfigurationIsVisible = 0;
			defaultConfigurationName = Release;
		};
/* End XCConfigurationList section */
	};
	rootObject = F3D4D73A18D2E80000726E0B /* Project object */;
}
